# This file is autogenerated, do not edit; changes may be undone by the next 'dep ensure'.


[[projects]]
  branch = "master"
  digest = "1:abd32d670339146015abf9cdb8ff18248d1ebe48b6181a21cece1441cc1d0f3f"
  name = "github.com/Terry-Mao/gomemcache"
  packages = ["memcache"]
  pruneopts = "UT"
  revision = "4bb2dab5f18dbffcebf444f8bba4386db715c8ea"

[[projects]]
  branch = "master"
  digest = "1:879c69c7dd29b31f02fcb3570f8448d478a38fa0cd253d218c87d9a439ea62b5"
  name = "github.com/Terry-Mao/marmot"
  packages = ["time"]
  pruneopts = "UT"
  revision = "7da27fcd7be2006402ba326889545d272ffb3a89"

[[projects]]
  branch = "master"
  digest = "1:4a0c6bb4805508a6287675fac876be2ac1182539ca8a32468d8128882e9d5009"
  name = "github.com/golang/snappy"
  packages = ["."]
  pruneopts = "UT"
  revision = "2e65f85255dbc3072edf28d6b5b8efc472979f5a"

[[projects]]
  branch = "master"
  digest = "1:095f8d994b8b4e40833301459db1a993581aeef94a5f03158a4a5772963a79fb"
  name = "github.com/lovernote/util"
  packages = ["zip"]
  pruneopts = "UT"
  revision = "53a6891f7e6c3c37458298f72a5ecf4d9281edab"

[solve-meta]
  analyzer-name = "dep"
  analyzer-version = 1
  input-imports = [
    "github.com/Terry-Mao/gomemcache/memcache",
    "github.com/lovernote/util/zip",
  ]
  solver-name = "gps-cdcl"
  solver-version = 1
